Microsoft Visual Studio Solution File, Format Version 12.00
# Visual Studio Version 17
VisualStudioVersion = 17.5.2.0
MinimumVisualStudioVersion = 10.0.40219.1
Project("{FAE04EC0-301F-11D3-BF4B-00C04F79EFBC}") = "SecureVaultApp", "SecureVaultApp.csproj", "{9608171B-6D78-C03B-DF71-2D216F3AE8F3}"
EndProject
Global
	GlobalSection(SolutionConfigurationPlatforms) = preSolution
		Debug|Any CPU = Debug|Any CPU
		Release|Any CPU = Release|Any CPU
	EndGlobalSection
	GlobalSection(ProjectConfigurationPlatforms) = postSolution
		{9608171B-6D78-C03B-DF71-2D216F3AE8F3}.Debug|Any CPU.ActiveCfg = Debug|Any CPU
		{9608171B-6D78-C03B-DF71-2D216F3AE8F3}.Debug|Any CPU.Build.0 = Debug|Any CPU
		{9608171B-6D78-C03B-DF71-2D216F3AE8F3}.Release|Any CPU.ActiveCfg = Release|Any CPU
		{9608171B-6D78-C03B-DF71-2D216F3AE8F3}.Release|Any CPU.Build.0 = Release|Any CPU
	EndGlobalSection
	GlobalSection(SolutionProperties) = preSolution
		HideSolutionNode = FALSE
	EndGlobalSection
	GlobalSection(ExtensibilityGlobals) = postSolution
		SolutionGuid = {7D29690F-82FC-4800-BA98-D8067672CC26}
	EndGlobalSection
EndGlobal
